
Microsoft Visual Studio Solution File, Format Version 12.00
# Visual Studio Version 16
VisualStudioVersion = 16.0.31112.23
MinimumVisualStudioVersion = 10.0.40219.1
Project("{FAE04EC0-301F-11D3-BF4B-00C04F79EFBC}") = "Temperatura", "Temperatura\Temperatura.csproj", "{59B11C9F-5573-4621-92A0-40B6091B59D6}"
EndProject
Global
	GlobalSection(SolutionConfigurationPlatforms) = preSolution
		Debug|Any CPU = Debug|Any CPU
		Release|Any CPU = Release|Any CPU
	EndGlobalSection
	GlobalSection(ProjectConfigurationPlatforms) = postSolution
		{59B11C9F-5573-4621-92A0-40B6091B59D6}.Debug|Any CPU.ActiveCfg = Debug|Any CPU
		{59B11C9F-5573-4621-92A0-40B6091B59D6}.Debug|Any CPU.Build.0 = Debug|Any CPU
		{59B11C9F-5573-4621-92A0-40B6091B59D6}.Release|Any CPU.ActiveCfg = Release|Any CPU
		{59B11C9F-5573-4621-92A0-40B6091B59D6}.Release|Any CPU.Build.0 = Release|Any CPU
	EndGlobalSection
	GlobalSection(SolutionProperties) = preSolution
		HideSolutionNode = FALSE
	EndGlobalSection
	GlobalSection(ExtensibilityGlobals) = postSolution
		SolutionGuid = {8CCDAC83-B606-4CBF-9E24-7D3FE1A0CAC4}
	EndGlobalSection
EndGlobal
