
Microsoft Visual Studio Solution File, Format Version 12.00
# Visual Studio Version 16
VisualStudioVersion = 16.0.31112.23
MinimumVisualStudioVersion = 10.0.40219.1
Project("{FAE04EC0-301F-11D3-BF4B-00C04F79EFBC}") = "Soma_linhas", "Soma_linhas\Soma_linhas.csproj", "{961C468F-8287-4DA2-880A-C4F7CA340E24}"
EndProject
Global
	GlobalSection(SolutionConfigurationPlatforms) = preSolution
		Debug|Any CPU = Debug|Any CPU
		Release|Any CPU = Release|Any CPU
	EndGlobalSection
	GlobalSection(ProjectConfigurationPlatforms) = postSolution
		{961C468F-8287-4DA2-880A-C4F7CA340E24}.Debug|Any CPU.ActiveCfg = Debug|Any CPU
		{961C468F-8287-4DA2-880A-C4F7CA340E24}.Debug|Any CPU.Build.0 = Debug|Any CPU
		{961C468F-8287-4DA2-880A-C4F7CA340E24}.Release|Any CPU.ActiveCfg = Release|Any CPU
		{961C468F-8287-4DA2-880A-C4F7CA340E24}.Release|Any CPU.Build.0 = Release|Any CPU
	EndGlobalSection
	GlobalSection(SolutionProperties) = preSolution
		HideSolutionNode = FALSE
	EndGlobalSection
	GlobalSection(ExtensibilityGlobals) = postSolution
		SolutionGuid = {E5E4E687-F03C-4BAB-A8D8-327D60884A44}
	EndGlobalSection
EndGlobal
