
Microsoft Visual Studio Solution File, Format Version 12.00
# Visual Studio Version 16
VisualStudioVersion = 16.0.31112.23
MinimumVisualStudioVersion = 10.0.40219.1
Project("{FAE04EC0-301F-11D3-BF4B-00C04F79EFBC}") = "Baskara", "Baskara\Baskara.csproj", "{0E762084-9BFD-442C-9361-1691F2491A12}"
EndProject
Global
	GlobalSection(SolutionConfigurationPlatforms) = preSolution
		Debug|Any CPU = Debug|Any CPU
		Release|Any CPU = Release|Any CPU
	EndGlobalSection
	GlobalSection(ProjectConfigurationPlatforms) = postSolution
		{0E762084-9BFD-442C-9361-1691F2491A12}.Debug|Any CPU.ActiveCfg = Debug|Any CPU
		{0E762084-9BFD-442C-9361-1691F2491A12}.Debug|Any CPU.Build.0 = Debug|Any CPU
		{0E762084-9BFD-442C-9361-1691F2491A12}.Release|Any CPU.ActiveCfg = Release|Any CPU
		{0E762084-9BFD-442C-9361-1691F2491A12}.Release|Any CPU.Build.0 = Release|Any CPU
	EndGlobalSection
	GlobalSection(SolutionProperties) = preSolution
		HideSolutionNode = FALSE
	EndGlobalSection
	GlobalSection(ExtensibilityGlobals) = postSolution
		SolutionGuid = {33042BCB-74A5-4398-A87B-3B90DB4EBB69}
	EndGlobalSection
EndGlobal
