
Microsoft Visual Studio Solution File, Format Version 12.00
# Visual Studio Version 16
VisualStudioVersion = 16.0.31112.23
MinimumVisualStudioVersion = 10.0.40219.1
Project("{FAE04EC0-301F-11D3-BF4B-00C04F79EFBC}") = "Lanchonete", "Lanchonete\Lanchonete.csproj", "{65006441-23D9-486A-B958-45B6364E0357}"
EndProject
Global
	GlobalSection(SolutionConfigurationPlatforms) = preSolution
		Debug|Any CPU = Debug|Any CPU
		Release|Any CPU = Release|Any CPU
	EndGlobalSection
	GlobalSection(ProjectConfigurationPlatforms) = postSolution
		{65006441-23D9-486A-B958-45B6364E0357}.Debug|Any CPU.ActiveCfg = Debug|Any CPU
		{65006441-23D9-486A-B958-45B6364E0357}.Debug|Any CPU.Build.0 = Debug|Any CPU
		{65006441-23D9-486A-B958-45B6364E0357}.Release|Any CPU.ActiveCfg = Release|Any CPU
		{65006441-23D9-486A-B958-45B6364E0357}.Release|Any CPU.Build.0 = Release|Any CPU
	EndGlobalSection
	GlobalSection(SolutionProperties) = preSolution
		HideSolutionNode = FALSE
	EndGlobalSection
	GlobalSection(ExtensibilityGlobals) = postSolution
		SolutionGuid = {9FA4E6AA-EE1D-4855-A1EF-6FA10C8AE1E3}
	EndGlobalSection
EndGlobal
