
Microsoft Visual Studio Solution File, Format Version 12.00
# Visual Studio Version 16
VisualStudioVersion = 16.0.31112.23
MinimumVisualStudioVersion = 10.0.40219.1
Project("{FAE04EC0-301F-11D3-BF4B-00C04F79EFBC}") = "Media_idades", "Media_idades\Media_idades.csproj", "{996ED8B4-0A07-43C0-8121-2C20D8135EA2}"
EndProject
Global
	GlobalSection(SolutionConfigurationPlatforms) = preSolution
		Debug|Any CPU = Debug|Any CPU
		Release|Any CPU = Release|Any CPU
	EndGlobalSection
	GlobalSection(ProjectConfigurationPlatforms) = postSolution
		{996ED8B4-0A07-43C0-8121-2C20D8135EA2}.Debug|Any CPU.ActiveCfg = Debug|Any CPU
		{996ED8B4-0A07-43C0-8121-2C20D8135EA2}.Debug|Any CPU.Build.0 = Debug|Any CPU
		{996ED8B4-0A07-43C0-8121-2C20D8135EA2}.Release|Any CPU.ActiveCfg = Release|Any CPU
		{996ED8B4-0A07-43C0-8121-2C20D8135EA2}.Release|Any CPU.Build.0 = Release|Any CPU
	EndGlobalSection
	GlobalSection(SolutionProperties) = preSolution
		HideSolutionNode = FALSE
	EndGlobalSection
	GlobalSection(ExtensibilityGlobals) = postSolution
		SolutionGuid = {DC25689A-2CD3-4C2C-8E8F-1BB8113A8F09}
	EndGlobalSection
EndGlobal
