
Microsoft Visual Studio Solution File, Format Version 12.00
# Visual Studio Version 16
VisualStudioVersion = 16.0.31112.23
MinimumVisualStudioVersion = 10.0.40219.1
Project("{FAE04EC0-301F-11D3-BF4B-00C04F79EFBC}") = "Cada_linha", "Cada_linha\Cada_linha.csproj", "{582D7E15-8951-487D-99A6-81B38ED8A382}"
EndProject
Global
	GlobalSection(SolutionConfigurationPlatforms) = preSolution
		Debug|Any CPU = Debug|Any CPU
		Release|Any CPU = Release|Any CPU
	EndGlobalSection
	GlobalSection(ProjectConfigurationPlatforms) = postSolution
		{582D7E15-8951-487D-99A6-81B38ED8A382}.Debug|Any CPU.ActiveCfg = Debug|Any CPU
		{582D7E15-8951-487D-99A6-81B38ED8A382}.Debug|Any CPU.Build.0 = Debug|Any CPU
		{582D7E15-8951-487D-99A6-81B38ED8A382}.Release|Any CPU.ActiveCfg = Release|Any CPU
		{582D7E15-8951-487D-99A6-81B38ED8A382}.Release|Any CPU.Build.0 = Release|Any CPU
	EndGlobalSection
	GlobalSection(SolutionProperties) = preSolution
		HideSolutionNode = FALSE
	EndGlobalSection
	GlobalSection(ExtensibilityGlobals) = postSolution
		SolutionGuid = {B1DE6B0A-0125-4263-AC8F-CE172D510CA9}
	EndGlobalSection
EndGlobal
