
Microsoft Visual Studio Solution File, Format Version 12.00
# Visual Studio Version 16
VisualStudioVersion = 16.0.31112.23
MinimumVisualStudioVersion = 10.0.40219.1
Project("{FAE04EC0-301F-11D3-BF4B-00C04F79EFBC}") = "Menor_de_tres", "Menor_de_tres\Menor_de_tres.csproj", "{FE114DB7-0D02-4740-91FD-963D951008BC}"
EndProject
Global
	GlobalSection(SolutionConfigurationPlatforms) = preSolution
		Debug|Any CPU = Debug|Any CPU
		Release|Any CPU = Release|Any CPU
	EndGlobalSection
	GlobalSection(ProjectConfigurationPlatforms) = postSolution
		{FE114DB7-0D02-4740-91FD-963D951008BC}.Debug|Any CPU.ActiveCfg = Debug|Any CPU
		{FE114DB7-0D02-4740-91FD-963D951008BC}.Debug|Any CPU.Build.0 = Debug|Any CPU
		{FE114DB7-0D02-4740-91FD-963D951008BC}.Release|Any CPU.ActiveCfg = Release|Any CPU
		{FE114DB7-0D02-4740-91FD-963D951008BC}.Release|Any CPU.Build.0 = Release|Any CPU
	EndGlobalSection
	GlobalSection(SolutionProperties) = preSolution
		HideSolutionNode = FALSE
	EndGlobalSection
	GlobalSection(ExtensibilityGlobals) = postSolution
		SolutionGuid = {0B00B93C-CB28-4D0C-8B7E-7931BDF12E39}
	EndGlobalSection
EndGlobal
