
Microsoft Visual Studio Solution File, Format Version 12.00
# Visual Studio Version 16
VisualStudioVersion = 16.0.31112.23
MinimumVisualStudioVersion = 10.0.40219.1
Project("{FAE04EC0-301F-11D3-BF4B-00C04F79EFBC}") = "Idades", "Idades\Idades.csproj", "{D19E78C6-FDFE-4431-B107-092234217D9E}"
EndProject
Global
	GlobalSection(SolutionConfigurationPlatforms) = preSolution
		Debug|Any CPU = Debug|Any CPU
		Release|Any CPU = Release|Any CPU
	EndGlobalSection
	GlobalSection(ProjectConfigurationPlatforms) = postSolution
		{D19E78C6-FDFE-4431-B107-092234217D9E}.Debug|Any CPU.ActiveCfg = Debug|Any CPU
		{D19E78C6-FDFE-4431-B107-092234217D9E}.Debug|Any CPU.Build.0 = Debug|Any CPU
		{D19E78C6-FDFE-4431-B107-092234217D9E}.Release|Any CPU.ActiveCfg = Release|Any CPU
		{D19E78C6-FDFE-4431-B107-092234217D9E}.Release|Any CPU.Build.0 = Release|Any CPU
	EndGlobalSection
	GlobalSection(SolutionProperties) = preSolution
		HideSolutionNode = FALSE
	EndGlobalSection
	GlobalSection(ExtensibilityGlobals) = postSolution
		SolutionGuid = {313E367D-5900-421E-AC5C-18E5D9F2E906}
	EndGlobalSection
EndGlobal
