
Microsoft Visual Studio Solution File, Format Version 12.00
# Visual Studio Version 16
VisualStudioVersion = 16.0.31112.23
MinimumVisualStudioVersion = 10.0.40219.1
Project("{FAE04EC0-301F-11D3-BF4B-00C04F79EFBC}") = "Crescente", "Crescente\Crescente.csproj", "{3C73D98C-564B-4F31-9C6C-9841D7CD4840}"
EndProject
Global
	GlobalSection(SolutionConfigurationPlatforms) = preSolution
		Debug|Any CPU = Debug|Any CPU
		Release|Any CPU = Release|Any CPU
	EndGlobalSection
	GlobalSection(ProjectConfigurationPlatforms) = postSolution
		{3C73D98C-564B-4F31-9C6C-9841D7CD4840}.Debug|Any CPU.ActiveCfg = Debug|Any CPU
		{3C73D98C-564B-4F31-9C6C-9841D7CD4840}.Debug|Any CPU.Build.0 = Debug|Any CPU
		{3C73D98C-564B-4F31-9C6C-9841D7CD4840}.Release|Any CPU.ActiveCfg = Release|Any CPU
		{3C73D98C-564B-4F31-9C6C-9841D7CD4840}.Release|Any CPU.Build.0 = Release|Any CPU
	EndGlobalSection
	GlobalSection(SolutionProperties) = preSolution
		HideSolutionNode = FALSE
	EndGlobalSection
	GlobalSection(ExtensibilityGlobals) = postSolution
		SolutionGuid = {7AE04181-9BEB-4EBA-A852-78672B45F43E}
	EndGlobalSection
EndGlobal
