
Microsoft Visual Studio Solution File, Format Version 12.00
# Visual Studio Version 16
VisualStudioVersion = 16.0.31112.23
MinimumVisualStudioVersion = 10.0.40219.1
Project("{FAE04EC0-301F-11D3-BF4B-00C04F79EFBC}") = "Dados_pessoas", "Dados_pessoas\Dados_pessoas.csproj", "{6AD381CD-000D-4711-B222-688998F83B82}"
EndProject
Global
	GlobalSection(SolutionConfigurationPlatforms) = preSolution
		Debug|Any CPU = Debug|Any CPU
		Release|Any CPU = Release|Any CPU
	EndGlobalSection
	GlobalSection(ProjectConfigurationPlatforms) = postSolution
		{6AD381CD-000D-4711-B222-688998F83B82}.Debug|Any CPU.ActiveCfg = Debug|Any CPU
		{6AD381CD-000D-4711-B222-688998F83B82}.Debug|Any CPU.Build.0 = Debug|Any CPU
		{6AD381CD-000D-4711-B222-688998F83B82}.Release|Any CPU.ActiveCfg = Release|Any CPU
		{6AD381CD-000D-4711-B222-688998F83B82}.Release|Any CPU.Build.0 = Release|Any CPU
	EndGlobalSection
	GlobalSection(SolutionProperties) = preSolution
		HideSolutionNode = FALSE
	EndGlobalSection
	GlobalSection(ExtensibilityGlobals) = postSolution
		SolutionGuid = {39676DE0-BA72-4AFF-B906-EA0ECD4D8F8D}
	EndGlobalSection
EndGlobal
