
Microsoft Visual Studio Solution File, Format Version 12.00
# Visual Studio Version 16
VisualStudioVersion = 16.0.31112.23
MinimumVisualStudioVersion = 10.0.40219.1
Project("{FAE04EC0-301F-11D3-BF4B-00C04F79EFBC}") = "Circulo", "Circulo\Circulo.csproj", "{0C9D5956-A8F5-4C7E-A102-68931FBAF2F0}"
EndProject
Global
	GlobalSection(SolutionConfigurationPlatforms) = preSolution
		Debug|Any CPU = Debug|Any CPU
		Release|Any CPU = Release|Any CPU
	EndGlobalSection
	GlobalSection(ProjectConfigurationPlatforms) = postSolution
		{0C9D5956-A8F5-4C7E-A102-68931FBAF2F0}.Debug|Any CPU.ActiveCfg = Debug|Any CPU
		{0C9D5956-A8F5-4C7E-A102-68931FBAF2F0}.Debug|Any CPU.Build.0 = Debug|Any CPU
		{0C9D5956-A8F5-4C7E-A102-68931FBAF2F0}.Release|Any CPU.ActiveCfg = Release|Any CPU
		{0C9D5956-A8F5-4C7E-A102-68931FBAF2F0}.Release|Any CPU.Build.0 = Release|Any CPU
	EndGlobalSection
	GlobalSection(SolutionProperties) = preSolution
		HideSolutionNode = FALSE
	EndGlobalSection
	GlobalSection(ExtensibilityGlobals) = postSolution
		SolutionGuid = {54B9087D-5655-46C6-9A4B-C8416192E1F2}
	EndGlobalSection
EndGlobal
