
Microsoft Visual Studio Solution File, Format Version 12.00
# Visual Studio Version 16
VisualStudioVersion = 16.0.31112.23
MinimumVisualStudioVersion = 10.0.40219.1
Project("{FAE04EC0-301F-11D3-BF4B-00C04F79EFBC}") = "Aumento", "Aumento\Aumento.csproj", "{75AE6D3D-B8C6-4241-A9C2-1EF5BDB4EAD6}"
EndProject
Global
	GlobalSection(SolutionConfigurationPlatforms) = preSolution
		Debug|Any CPU = Debug|Any CPU
		Release|Any CPU = Release|Any CPU
	EndGlobalSection
	GlobalSection(ProjectConfigurationPlatforms) = postSolution
		{75AE6D3D-B8C6-4241-A9C2-1EF5BDB4EAD6}.Debug|Any CPU.ActiveCfg = Debug|Any CPU
		{75AE6D3D-B8C6-4241-A9C2-1EF5BDB4EAD6}.Debug|Any CPU.Build.0 = Debug|Any CPU
		{75AE6D3D-B8C6-4241-A9C2-1EF5BDB4EAD6}.Release|Any CPU.ActiveCfg = Release|Any CPU
		{75AE6D3D-B8C6-4241-A9C2-1EF5BDB4EAD6}.Release|Any CPU.Build.0 = Release|Any CPU
	EndGlobalSection
	GlobalSection(SolutionProperties) = preSolution
		HideSolutionNode = FALSE
	EndGlobalSection
	GlobalSection(ExtensibilityGlobals) = postSolution
		SolutionGuid = {B9C76343-F1C7-4654-B43B-42C5B877232A}
	EndGlobalSection
EndGlobal
