
Microsoft Visual Studio Solution File, Format Version 12.00
# Visual Studio Version 16
VisualStudioVersion = 16.0.31112.23
MinimumVisualStudioVersion = 10.0.40219.1
Project("{FAE04EC0-301F-11D3-BF4B-00C04F79EFBC}") = "Soma_vetores", "Soma_vetores\Soma_vetores.csproj", "{539BD648-2EEC-4941-BF31-76A94FF5263F}"
EndProject
Global
	GlobalSection(SolutionConfigurationPlatforms) = preSolution
		Debug|Any CPU = Debug|Any CPU
		Release|Any CPU = Release|Any CPU
	EndGlobalSection
	GlobalSection(ProjectConfigurationPlatforms) = postSolution
		{539BD648-2EEC-4941-BF31-76A94FF5263F}.Debug|Any CPU.ActiveCfg = Debug|Any CPU
		{539BD648-2EEC-4941-BF31-76A94FF5263F}.Debug|Any CPU.Build.0 = Debug|Any CPU
		{539BD648-2EEC-4941-BF31-76A94FF5263F}.Release|Any CPU.ActiveCfg = Release|Any CPU
		{539BD648-2EEC-4941-BF31-76A94FF5263F}.Release|Any CPU.Build.0 = Release|Any CPU
	EndGlobalSection
	GlobalSection(SolutionProperties) = preSolution
		HideSolutionNode = FALSE
	EndGlobalSection
	GlobalSection(ExtensibilityGlobals) = postSolution
		SolutionGuid = {5FD06E2A-1436-433A-99FF-BCC53549D90B}
	EndGlobalSection
EndGlobal
