
Microsoft Visual Studio Solution File, Format Version 12.00
# Visual Studio Version 16
VisualStudioVersion = 16.0.31112.23
MinimumVisualStudioVersion = 10.0.40219.1
Project("{FAE04EC0-301F-11D3-BF4B-00C04F79EFBC}") = "Aprovados", "Aprovados\Aprovados.csproj", "{A76AFE21-1195-4624-86B4-B625837C4A0B}"
EndProject
Global
	GlobalSection(SolutionConfigurationPlatforms) = preSolution
		Debug|Any CPU = Debug|Any CPU
		Release|Any CPU = Release|Any CPU
	EndGlobalSection
	GlobalSection(ProjectConfigurationPlatforms) = postSolution
		{A76AFE21-1195-4624-86B4-B625837C4A0B}.Debug|Any CPU.ActiveCfg = Debug|Any CPU
		{A76AFE21-1195-4624-86B4-B625837C4A0B}.Debug|Any CPU.Build.0 = Debug|Any CPU
		{A76AFE21-1195-4624-86B4-B625837C4A0B}.Release|Any CPU.ActiveCfg = Release|Any CPU
		{A76AFE21-1195-4624-86B4-B625837C4A0B}.Release|Any CPU.Build.0 = Release|Any CPU
	EndGlobalSection
	GlobalSection(SolutionProperties) = preSolution
		HideSolutionNode = FALSE
	EndGlobalSection
	GlobalSection(ExtensibilityGlobals) = postSolution
		SolutionGuid = {263CAE4C-6980-4A31-9159-18C95E86F6DD}
	EndGlobalSection
EndGlobal
