
Microsoft Visual Studio Solution File, Format Version 12.00
# Visual Studio Version 16
VisualStudioVersion = 16.0.31112.23
MinimumVisualStudioVersion = 10.0.40219.1
Project("{FAE04EC0-301F-11D3-BF4B-00C04F79EFBC}") = "Pares_consecutivos", "Pares_consecutivos\Pares_consecutivos.csproj", "{BE519A35-310A-4122-B7CF-2F596E639024}"
EndProject
Global
	GlobalSection(SolutionConfigurationPlatforms) = preSolution
		Debug|Any CPU = Debug|Any CPU
		Release|Any CPU = Release|Any CPU
	EndGlobalSection
	GlobalSection(ProjectConfigurationPlatforms) = postSolution
		{BE519A35-310A-4122-B7CF-2F596E639024}.Debug|Any CPU.ActiveCfg = Debug|Any CPU
		{BE519A35-310A-4122-B7CF-2F596E639024}.Debug|Any CPU.Build.0 = Debug|Any CPU
		{BE519A35-310A-4122-B7CF-2F596E639024}.Release|Any CPU.ActiveCfg = Release|Any CPU
		{BE519A35-310A-4122-B7CF-2F596E639024}.Release|Any CPU.Build.0 = Release|Any CPU
	EndGlobalSection
	GlobalSection(SolutionProperties) = preSolution
		HideSolutionNode = FALSE
	EndGlobalSection
	GlobalSection(ExtensibilityGlobals) = postSolution
		SolutionGuid = {C26A8979-2EDD-447D-AC7D-7BE63A44CD77}
	EndGlobalSection
EndGlobal
