
Microsoft Visual Studio Solution File, Format Version 12.00
# Visual Studio Version 16
VisualStudioVersion = 16.0.31112.23
MinimumVisualStudioVersion = 10.0.40219.1
Project("{FAE04EC0-301F-11D3-BF4B-00C04F79EFBC}") = "Comerciante", "Comerciante\Comerciante.csproj", "{95083FB2-4D51-4932-BC68-462A67AEFA49}"
EndProject
Global
	GlobalSection(SolutionConfigurationPlatforms) = preSolution
		Debug|Any CPU = Debug|Any CPU
		Release|Any CPU = Release|Any CPU
	EndGlobalSection
	GlobalSection(ProjectConfigurationPlatforms) = postSolution
		{95083FB2-4D51-4932-BC68-462A67AEFA49}.Debug|Any CPU.ActiveCfg = Debug|Any CPU
		{95083FB2-4D51-4932-BC68-462A67AEFA49}.Debug|Any CPU.Build.0 = Debug|Any CPU
		{95083FB2-4D51-4932-BC68-462A67AEFA49}.Release|Any CPU.ActiveCfg = Release|Any CPU
		{95083FB2-4D51-4932-BC68-462A67AEFA49}.Release|Any CPU.Build.0 = Release|Any CPU
	EndGlobalSection
	GlobalSection(SolutionProperties) = preSolution
		HideSolutionNode = FALSE
	EndGlobalSection
	GlobalSection(ExtensibilityGlobals) = postSolution
		SolutionGuid = {16BE9B9C-F48B-4671-BBD0-905FC347368E}
	EndGlobalSection
EndGlobal
