
Microsoft Visual Studio Solution File, Format Version 12.00
# Visual Studio Version 16
VisualStudioVersion = 16.0.31112.23
MinimumVisualStudioVersion = 10.0.40219.1
Project("{FAE04EC0-301F-11D3-BF4B-00C04F79EFBC}") = "Course_order", "Course_order\Course_order.csproj", "{1E794306-558C-4C93-ADCD-70532D228727}"
EndProject
Global
	GlobalSection(SolutionConfigurationPlatforms) = preSolution
		Debug|Any CPU = Debug|Any CPU
		Release|Any CPU = Release|Any CPU
	EndGlobalSection
	GlobalSection(ProjectConfigurationPlatforms) = postSolution
		{1E794306-558C-4C93-ADCD-70532D228727}.Debug|Any CPU.ActiveCfg = Debug|Any CPU
		{1E794306-558C-4C93-ADCD-70532D228727}.Debug|Any CPU.Build.0 = Debug|Any CPU
		{1E794306-558C-4C93-ADCD-70532D228727}.Release|Any CPU.ActiveCfg = Release|Any CPU
		{1E794306-558C-4C93-ADCD-70532D228727}.Release|Any CPU.Build.0 = Release|Any CPU
	EndGlobalSection
	GlobalSection(SolutionProperties) = preSolution
		HideSolutionNode = FALSE
	EndGlobalSection
	GlobalSection(ExtensibilityGlobals) = postSolution
		SolutionGuid = {063E546C-CFE2-4ADE-A5F6-8F87F71F56F7}
	EndGlobalSection
EndGlobal
