
Microsoft Visual Studio Solution File, Format Version 12.00
# Visual Studio Version 16
VisualStudioVersion = 16.0.31112.23
MinimumVisualStudioVersion = 10.0.40219.1
Project("{FAE04EC0-301F-11D3-BF4B-00C04F79EFBC}") = "Coordenadas", "Coordenadas\Coordenadas.csproj", "{B258F3A5-9774-4C23-8F7A-A673F2697333}"
EndProject
Global
	GlobalSection(SolutionConfigurationPlatforms) = preSolution
		Debug|Any CPU = Debug|Any CPU
		Release|Any CPU = Release|Any CPU
	EndGlobalSection
	GlobalSection(ProjectConfigurationPlatforms) = postSolution
		{B258F3A5-9774-4C23-8F7A-A673F2697333}.Debug|Any CPU.ActiveCfg = Debug|Any CPU
		{B258F3A5-9774-4C23-8F7A-A673F2697333}.Debug|Any CPU.Build.0 = Debug|Any CPU
		{B258F3A5-9774-4C23-8F7A-A673F2697333}.Release|Any CPU.ActiveCfg = Release|Any CPU
		{B258F3A5-9774-4C23-8F7A-A673F2697333}.Release|Any CPU.Build.0 = Release|Any CPU
	EndGlobalSection
	GlobalSection(SolutionProperties) = preSolution
		HideSolutionNode = FALSE
	EndGlobalSection
	GlobalSection(ExtensibilityGlobals) = postSolution
		SolutionGuid = {2FE16E3B-D2D3-41CF-A557-DD13BDC3B7B8}
	EndGlobalSection
EndGlobal
