
Microsoft Visual Studio Solution File, Format Version 12.00
# Visual Studio Version 16
VisualStudioVersion = 16.0.31112.23
MinimumVisualStudioVersion = 10.0.40219.1
Project("{FAE04EC0-301F-11D3-BF4B-00C04F79EFBC}") = "Teste", "Teste\Teste.csproj", "{76C9B286-F443-493A-9A30-7A7FD27C000E}"
EndProject
Global
	GlobalSection(SolutionConfigurationPlatforms) = preSolution
		Debug|Any CPU = Debug|Any CPU
		Release|Any CPU = Release|Any CPU
	EndGlobalSection
	GlobalSection(ProjectConfigurationPlatforms) = postSolution
		{76C9B286-F443-493A-9A30-7A7FD27C000E}.Debug|Any CPU.ActiveCfg = Debug|Any CPU
		{76C9B286-F443-493A-9A30-7A7FD27C000E}.Debug|Any CPU.Build.0 = Debug|Any CPU
		{76C9B286-F443-493A-9A30-7A7FD27C000E}.Release|Any CPU.ActiveCfg = Release|Any CPU
		{76C9B286-F443-493A-9A30-7A7FD27C000E}.Release|Any CPU.Build.0 = Release|Any CPU
	EndGlobalSection
	GlobalSection(SolutionProperties) = preSolution
		HideSolutionNode = FALSE
	EndGlobalSection
	GlobalSection(ExtensibilityGlobals) = postSolution
		SolutionGuid = {839887F3-D788-44F6-89F1-D321AC38ABBB}
	EndGlobalSection
EndGlobal
