
Microsoft Visual Studio Solution File, Format Version 12.00
# Visual Studio Version 16
VisualStudioVersion = 16.0.31112.23
MinimumVisualStudioVersion = 10.0.40219.1
Project("{FAE04EC0-301F-11D3-BF4B-00C04F79EFBC}") = "Pagamento", "Pagamento\Pagamento.csproj", "{DA5FDED4-38BA-4747-881E-0B6CFDC1CEC6}"
EndProject
Global
	GlobalSection(SolutionConfigurationPlatforms) = preSolution
		Debug|Any CPU = Debug|Any CPU
		Release|Any CPU = Release|Any CPU
	EndGlobalSection
	GlobalSection(ProjectConfigurationPlatforms) = postSolution
		{DA5FDED4-38BA-4747-881E-0B6CFDC1CEC6}.Debug|Any CPU.ActiveCfg = Debug|Any CPU
		{DA5FDED4-38BA-4747-881E-0B6CFDC1CEC6}.Debug|Any CPU.Build.0 = Debug|Any CPU
		{DA5FDED4-38BA-4747-881E-0B6CFDC1CEC6}.Release|Any CPU.ActiveCfg = Release|Any CPU
		{DA5FDED4-38BA-4747-881E-0B6CFDC1CEC6}.Release|Any CPU.Build.0 = Release|Any CPU
	EndGlobalSection
	GlobalSection(SolutionProperties) = preSolution
		HideSolutionNode = FALSE
	EndGlobalSection
	GlobalSection(ExtensibilityGlobals) = postSolution
		SolutionGuid = {07ABD94F-B07A-45D9-8147-F16C64099F9A}
	EndGlobalSection
EndGlobal
